PODS:
  - camera (0.0.1):
    - Flutter
  - Firebase (8.10.0):
    - Firebase/Core (= 8.10.0)
  - Firebase/Core (8.10.0):
    - Firebase/CoreOnly
    - FirebaseAnalytics (~> 8.10.0)
  - Firebase/CoreOnly (8.10.0):
    - FirebaseCore (= 8.10.0)
  - FirebaseAnalytics (8.10.0):
    - FirebaseAnalytics/AdIdSupport (= 8.10.0)
    - FirebaseCore (~> 8.0)
    - FirebaseInstallations (~> 8.0)
    - GoogleUtilities/AppDelegateSwizzler (~> 7.6)
    - GoogleUtilities/MethodSwizzler (~> 7.6)
    - GoogleUtilities/Network (~> 7.6)
    - "GoogleUtilities/NSData+zlib (~> 7.6)"
    - nanopb (~> 2.30908.0)
  - FirebaseAnalytics/AdIdSupport (8.10.0):
    - FirebaseCore (~> 8.0)
    - FirebaseInstallations (~> 8.0)
    - GoogleAppMeasurement (= 8.10.0)
    - GoogleUtilities/AppDelegateSwizzler (~> 7.6)
    - GoogleUtilities/MethodSwizzler (~> 7.6)
    - GoogleUtilities/Network (~> 7.6)
    - "GoogleUtilities/NSData+zlib (~> 7.6)"
    - nanopb (~> 2.30908.0)
  - FirebaseCore (8.10.0):
    - FirebaseCoreDiagnostics (~> 8.0)
    - GoogleUtilities/Environment (~> 7.6)
    - GoogleUtilities/Logger (~> 7.6)
  - FirebaseCoreDiagnostics (8.10.0):
    - GoogleDataTransport (~> 9.1)
    - GoogleUtilities/Environment (~> 7.6)
    - GoogleUtilities/Logger (~> 7.6)
    - nanopb (~> 2.30908.0)
  - FirebaseInstallations (8.10.0):
    - FirebaseCore (~> 8.0)
    - GoogleUtilities/Environment (~> 7.6)
    - GoogleUtilities/UserDefaults (~> 7.6)
    - PromisesObjC (< 3.0, >= 1.2)
  - Flutter (1.0.0)
  - google_ml_kit (0.7.0):
    - Flutter
    - GoogleMLKit/BarcodeScanning (~> 2.3.0)
    - GoogleMLKit/DigitalInkRecognition (~> 2.3.0)
    - GoogleMLKit/FaceDetection (~> 2.3.0)
    - GoogleMLKit/ImageLabeling (~> 2.3.0)
    - GoogleMLKit/ImageLabelingCustom (~> 2.3.0)
    - GoogleMLKit/LanguageID (~> 2.3.0)
    - GoogleMLKit/LinkFirebase (~> 2.3.0)
    - GoogleMLKit/PoseDetection (~> 2.3.0)
    - GoogleMLKit/PoseDetectionAccurate (~> 2.3.0)
    - GoogleMLKit/TextRecognition (~> 2.3.0)
    - GoogleMLKit/TextRecognitionChinese (~> 2.3.0)
    - GoogleMLKit/TextRecognitionDevanagari (~> 2.3.0)
    - GoogleMLKit/TextRecognitionJapanese (~> 2.3.0)
    - GoogleMLKit/TextRecognitionKorean (~> 2.3.0)
  - GoogleAppMeasurement (8.10.0):
    - GoogleAppMeasurement/AdIdSupport (= 8.10.0)
    - GoogleUtilities/AppDelegateSwizzler (~> 7.6)
    - GoogleUtilities/MethodSwizzler (~> 7.6)
    - GoogleUtilities/Network (~> 7.6)
    - "GoogleUtilities/NSData+zlib (~> 7.6)"
    - nanopb (~> 2.30908.0)
  - GoogleAppMeasurement/AdIdSupport (8.10.0):
    - GoogleAppMeasurement/WithoutAdIdSupport (= 8.10.0)
    - GoogleUtilities/AppDelegateSwizzler (~> 7.6)
    - GoogleUtilities/MethodSwizzler (~> 7.6)
    - GoogleUtilities/Network (~> 7.6)
    - "GoogleUtilities/NSData+zlib (~> 7.6)"
    - nanopb (~> 2.30908.0)
  - GoogleAppMeasurement/WithoutAdIdSupport (8.10.0):
    - GoogleUtilities/AppDelegateSwizzler (~> 7.6)
    - GoogleUtilities/MethodSwizzler (~> 7.6)
    - GoogleUtilities/Network (~> 7.6)
    - "GoogleUtilities/NSData+zlib (~> 7.6)"
    - nanopb (~> 2.30908.0)
  - GoogleDataTransport (9.1.2):
    - GoogleUtilities/Environment (~> 7.2)
    - nanopb (~> 2.30908.0)
    - PromisesObjC (< 3.0, >= 1.2)
  - GoogleMLKit/BarcodeScanning (2.3.0):
    - GoogleMLKit/MLKitCore
    - MLKitBarcodeScanning (~> 1.4.0)
  - GoogleMLKit/DigitalInkRecognition (2.3.0):
    - GoogleMLKit/MLKitCore
    - MLKitDigitalInkRecognition (~> 1.3.0)
  - GoogleMLKit/FaceDetection (2.3.0):
    - GoogleMLKit/MLKitCore
    - MLKitFaceDetection (~> 1.3.0)
  - GoogleMLKit/ImageLabeling (2.3.0):
    - GoogleMLKit/MLKitCore
    - MLKitImageLabeling (~> 1.3.0)
  - GoogleMLKit/ImageLabelingCustom (2.3.0):
    - GoogleMLKit/MLKitCore
    - MLKitImageLabelingCustom (~> 1.3.0)
  - GoogleMLKit/LanguageID (2.3.0):
    - GoogleMLKit/MLKitCore
    - MLKitLanguageID (~> 1.3.0)
  - GoogleMLKit/LinkFirebase (2.3.0):
    - GoogleMLKit/MLKitCore
    - MLKitLinkFirebase (~> 1.3.0)
  - GoogleMLKit/MLKitCore (2.3.0):
    - MLKitCommon (~> 3.1.0)
  - GoogleMLKit/PoseDetection (2.3.0):
    - GoogleMLKit/MLKitCore
    - MLKitPoseDetection (~> 1.0.0-beta5)
  - GoogleMLKit/PoseDetectionAccurate (2.3.0):
    - GoogleMLKit/MLKitCore
    - MLKitPoseDetectionAccurate (~> 1.0.0-beta5)
  - GoogleMLKit/TextRecognition (2.3.0):
    - GoogleMLKit/MLKitCore
    - MLKitTextRecognition (~> 1.4.0-beta1)
  - GoogleMLKit/TextRecognitionChinese (2.3.0):
    - GoogleMLKit/MLKitCore
    - MLKitTextRecognitionChinese (~> 1.0.0-beta1)
  - GoogleMLKit/TextRecognitionDevanagari (2.3.0):
    - GoogleMLKit/MLKitCore
    - MLKitTextRecognitionDevanagari (~> 1.0.0-beta1)
  - GoogleMLKit/TextRecognitionJapanese (2.3.0):
    - GoogleMLKit/MLKitCore
    - MLKitTextRecognitionJapanese (~> 1.0.0-beta1)
  - GoogleMLKit/TextRecognitionKorean (2.3.0):
    - GoogleMLKit/MLKitCore
    - MLKitTextRecognitionKorean (~> 1.0.0-beta1)
  - GoogleToolboxForMac/DebugUtils (2.3.2):
    - GoogleToolboxForMac/Defines (= 2.3.2)
  - GoogleToolboxForMac/Defines (2.3.2)
  - GoogleToolboxForMac/Logger (2.3.2):
    - GoogleToolboxForMac/Defines (= 2.3.2)
  - "GoogleToolboxForMac/NSData+zlib (2.3.2)":
    - GoogleToolboxForMac/Defines (= 2.3.2)
  - "GoogleToolboxForMac/NSDictionary+URLArguments (2.3.2)":
    - GoogleToolboxForMac/DebugUtils (= 2.3.2)
    - GoogleToolboxForMac/Defines (= 2.3.2)
    - "GoogleToolboxForMac/NSString+URLArguments (= 2.3.2)"
  - "GoogleToolboxForMac/NSString+URLArguments (2.3.2)"
  - GoogleToolboxForMac/StringEncoding (2.3.2):
    - GoogleToolboxForMac/Defines (= 2.3.2)
  - GoogleUtilities/AppDelegateSwizzler (7.6.0):
    - GoogleUtilities/Environment
    - GoogleUtilities/Logger
    - GoogleUtilities/Network
  - GoogleUtilities/Environment (7.6.0):
    - PromisesObjC (< 3.0, >= 1.2)
  - GoogleUtilities/Logger (7.6.0):
    - GoogleUtilities/Environment
  - GoogleUtilities/MethodSwizzler (7.6.0):
    - GoogleUtilities/Logger
  - GoogleUtilities/Network (7.6.0):
    - GoogleUtilities/Logger
    - "GoogleUtilities/NSData+zlib"
    - GoogleUtilities/Reachability
  - "GoogleUtilities/NSData+zlib (7.6.0)"
  - GoogleUtilities/Reachability (7.6.0):
    - GoogleUtilities/Logger
  - GoogleUtilities/UserDefaults (7.6.0):
    - GoogleUtilities/Logger
  - GoogleUtilitiesComponents (1.1.0):
    - GoogleUtilities/Logger
  - GTMSessionFetcher/Core (1.7.0)
  - image_picker (0.0.1):
    - Flutter
  - MLImage (1.0.0-beta1)
  - MLKitBarcodeScanning (1.4.0):
    - MLKitCommon (~> 3.1)
    - MLKitVision (~> 1.3)
  - MLKitCommon (3.1.0):
    - GoogleDataTransport (~> 9.0)
    - GoogleToolboxForMac/Logger (~> 2.1)
    - "GoogleToolboxForMac/NSData+zlib (~> 2.1)"
    - "GoogleToolboxForMac/NSDictionary+URLArguments (~> 2.1)"
    - GoogleUtilities/UserDefaults (~> 7.0)
    - GoogleUtilitiesComponents (~> 1.0)
    - GTMSessionFetcher/Core (~> 1.1)
    - Protobuf (~> 3.12)
  - MLKitDigitalInkRecognition (1.3.0):
    - MLKitCommon (~> 3.0)
    - MLKitMDD (~> 1.3)
    - SSZipArchive (~> 2.1)
  - MLKitFaceDetection (1.3.0):
    - MLKitCommon (~> 3.0)
    - MLKitVision (~> 1.3)
  - MLKitImageLabeling (1.3.0):
    - MLKitCommon (~> 3.0)
    - MLKitImageLabelingCommon (~> 1.3)
    - MLKitVision (~> 1.3)
    - MLKitVisionKit (~> 2.2)
  - MLKitImageLabelingCommon (1.3.0):
    - MLKitCommon (~> 3.0)
    - MLKitVision (~> 1.3)
  - MLKitImageLabelingCustom (1.3.0):
    - MLKitCommon (~> 3.0)
    - MLKitImageLabelingCommon (~> 1.3)
    - MLKitVision (~> 1.3)
    - MLKitVisionKit (~> 2.2)
  - MLKitLanguageID (1.3.0):
    - MLKitNaturalLanguage (~> 1.3)
  - MLKitLinkFirebase (1.3.0):
    - FirebaseCore (~> 8.0)
    - FirebaseInstallations (~> 8.0)
    - GTMSessionFetcher/Core (~> 1.1)
    - MLKitCommon (~> 3.0)
  - MLKitMDD (1.3.0):
    - MLKitCommon (~> 3.0)
  - MLKitNaturalLanguage (1.3.0):
    - GoogleToolboxForMac/Logger (~> 2.1)
    - "GoogleToolboxForMac/NSData+zlib (~> 2.1)"
    - "GoogleToolboxForMac/NSDictionary+URLArguments (~> 2.1)"
    - GoogleToolboxForMac/StringEncoding (~> 2.1)
    - GTMSessionFetcher/Core (~> 1.1)
    - MLKitCommon (~> 3.0)
    - Protobuf (~> 3.12)
  - MLKitObjectDetectionCommon (1.3.0):
    - MLKitCommon (~> 3.0)
    - MLKitVision (~> 1.3)
  - MLKitPoseDetection (1.0.0-beta5):
    - MLKitCommon (~> 3.1)
    - MLKitPoseDetectionCommon (= 1.0.0-beta5)
    - MLKitXenoCommon (= 1.0.0-beta5)
  - MLKitPoseDetectionAccurate (1.0.0-beta5):
    - MLKitCommon (~> 3.1)
    - MLKitPoseDetectionCommon (= 1.0.0-beta5)
    - MLKitXenoCommon (= 1.0.0-beta5)
  - MLKitPoseDetectionCommon (1.0.0-beta5):
    - MLKitCommon (~> 3.1)
    - MLKitXenoCommon (= 1.0.0-beta5)
  - MLKitTextRecognition (1.4.0-beta1):
    - MLKitCommon (~> 3.1)
    - MLKitTextRecognitionCommon (= 1.0.0-beta1)
    - MLKitVision (~> 1.3)
  - MLKitTextRecognitionChinese (1.0.0-beta1):
    - MLKitCommon (~> 3.1)
    - MLKitTextRecognitionCommon (= 1.0.0-beta1)
    - MLKitVision (~> 1.3)
  - MLKitTextRecognitionCommon (1.0.0-beta1):
    - MLKitCommon (~> 3.1)
    - MLKitVision (~> 1.3)
  - MLKitTextRecognitionDevanagari (1.0.0-beta1):
    - MLKitCommon (~> 3.1)
    - MLKitTextRecognitionCommon (= 1.0.0-beta1)
    - MLKitVision (~> 1.3)
  - MLKitTextRecognitionJapanese (1.0.0-beta1):
    - MLKitCommon (~> 3.1)
    - MLKitTextRecognitionCommon (= 1.0.0-beta1)
    - MLKitVision (~> 1.3)
  - MLKitTextRecognitionKorean (1.0.0-beta1):
    - MLKitCommon (~> 3.1)
    - MLKitTextRecognitionCommon (= 1.0.0-beta1)
    - MLKitVision (~> 1.3)
  - MLKitVision (1.3.0):
    - GoogleToolboxForMac/Logger (~> 2.1)
    - "GoogleToolboxForMac/NSData+zlib (~> 2.1)"
    - GTMSessionFetcher/Core (~> 1.1)
    - MLImage (= 1.0.0-beta1)
    - MLKitCommon (~> 3.0)
    - Protobuf (~> 3.12)
  - MLKitVisionKit (2.2.0):
    - MLKitCommon (~> 3.0)
    - MLKitImageLabelingCommon (~> 1.3)
    - MLKitObjectDetectionCommon (~> 1.3)
    - MLKitVision (~> 1.3)
  - MLKitXenoCommon (1.0.0-beta5):
    - MLKitCommon (~> 3.1)
    - MLKitVision (~> 1.3)
  - nanopb (2.30908.0):
    - nanopb/decode (= 2.30908.0)
    - nanopb/encode (= 2.30908.0)
  - nanopb/decode (2.30908.0)
  - nanopb/encode (2.30908.0)
  - PromisesObjC (2.0.0)
  - Protobuf (3.19.1)
  - SSZipArchive (2.4.2)

DEPENDENCIES:
  - camera (from `.symlinks/plugins/camera/ios`)
  - Firebase
  - Flutter (from `Flutter`)
  - google_ml_kit (from `.symlinks/plugins/google_ml_kit/ios`)
  - GoogleMLKit/BarcodeScanning (= 2.3.0)
  - GoogleMLKit/DigitalInkRecognition (= 2.3.0)
  - GoogleMLKit/FaceDetection (= 2.3.0)
  - GoogleMLKit/ImageLabeling (= 2.3.0)
  - GoogleMLKit/ImageLabelingCustom (= 2.3.0)
  - GoogleMLKit/LanguageID (= 2.3.0)
  - GoogleMLKit/PoseDetection (= 2.3.0)
  - GoogleMLKit/PoseDetectionAccurate (= 2.3.0)
  - GoogleMLKit/TextRecognition (= 2.3.0)
  - GoogleMLKit/TextRecognitionChinese (= 2.3.0)
  - GoogleMLKit/TextRecognitionDevanagari (= 2.3.0)
  - GoogleMLKit/TextRecognitionJapanese (= 2.3.0)
  - GoogleMLKit/TextRecognitionKorean (= 2.3.0)
  - image_picker (from `.symlinks/plugins/image_picker/ios`)

SPEC REPOS:
  trunk:
    - Firebase
    - FirebaseAnalytics
    - FirebaseCore
    - FirebaseCoreDiagnostics
    - FirebaseInstallations
    - GoogleAppMeasurement
    - GoogleDataTransport
    - GoogleMLKit
    - GoogleToolboxForMac
    - GoogleUtilities
    - GoogleUtilitiesComponents
    - GTMSessionFetcher
    - MLImage
    - MLKitBarcodeScanning
    - MLKitCommon
    - MLKitDigitalInkRecognition
    - MLKitFaceDetection
    - MLKitImageLabeling
    - MLKitImageLabelingCommon
    - MLKitImageLabelingCustom
    - MLKitLanguageID
    - MLKitLinkFirebase
    - MLKitMDD
    - MLKitNaturalLanguage
    - MLKitObjectDetectionCommon
    - MLKitPoseDetection
    - MLKitPoseDetectionAccurate
    - MLKitPoseDetectionCommon
    - MLKitTextRecognition
    - MLKitTextRecognitionChinese
    - MLKitTextRecognitionCommon
    - MLKitTextRecognitionDevanagari
    - MLKitTextRecognitionJapanese
    - MLKitTextRecognitionKorean
    - MLKitVision
    - MLKitVisionKit
    - MLKitXenoCommon
    - nanopb
    - PromisesObjC
    - Protobuf
    - SSZipArchive

EXTERNAL SOURCES:
  camera:
    :path: ".symlinks/plugins/camera/ios"
  Flutter:
    :path: Flutter
  google_ml_kit:
    :path: ".symlinks/plugins/google_ml_kit/ios"
  image_picker:
    :path: ".symlinks/plugins/image_picker/ios"

SPEC CHECKSUMS:
  camera: 3164201dc344383e62282964016528c4f5a9ad50
  Firebase: 44213362f1dcc52555b935dc925ed35ac55f1b20
  FirebaseAnalytics: 319c9b3b1bdd400d60e2f415dff0c5f6959e6760
  FirebaseCore: 04186597c095da37d90ff9fd3e53bc61a1ff2440
  FirebaseCoreDiagnostics: 56fb7216d87e0e6ec2feddefa9d8a392fe8b2c18
  FirebaseInstallations: 830327b45345ffc859eaa9c17bcd5ae893fd5425
  Flutter: 50d75fe2f02b26cc09d224853bb45737f8b3214a
  google_ml_kit: e5f27c6777b4bf1ec221ded25fd8380647a447dd
  GoogleAppMeasurement: a3311dbcf3ea651e5a070fe8559b57c174ada081
  GoogleDataTransport: 629c20a4d363167143f30ea78320d5a7eb8bd940
  GoogleMLKit: 53d5adbee0fe5a701e970f1387d2cfececd5bc50
  GoogleToolboxForMac: 8bef7c7c5cf7291c687cf5354f39f9db6399ad34
  GoogleUtilities: 684ee790a24f73ebb2d1d966e9711c203f2a4237
  GoogleUtilitiesComponents: 679b2c881db3b615a2777504623df6122dd20afe
  GTMSessionFetcher: 43748f93435c2aa068b1cbe39655aaf600652e91
  image_picker: 50e7c7ff960e5f58faa4d1f4af84a771c671bc4a
  MLImage: 647f3d580c10b3c9a3f6154f5d7baead60c42a0c
  MLKitBarcodeScanning: db5ca9cd47166160d70c295531436edaa12ddd50
  MLKitCommon: 1b5c79d52f79d9cc93ab5300e9713c4c215121ea
  MLKitDigitalInkRecognition: 7913834c241b25f9dff538fa1cebe3d59afccf66
  MLKitFaceDetection: 897f007aa4eb426ef1bac7c66e5451d02ffc2e83
  MLKitImageLabeling: fc44a4f90b1cf16bcb62c043d477c052ba7539ca
  MLKitImageLabelingCommon: fbe695a04fb236555e6b7e69e7def153a04324c1
  MLKitImageLabelingCustom: 83e609e6b7dd8a16dc8790ef325bab1372d1d91d
  MLKitLanguageID: 3848cf59a1693e2076ba65b37da261c674f97170
  MLKitLinkFirebase: ae5bd6996d0a1a3d3e0bb4c634b594101c07d094
  MLKitMDD: 37b4fbb5fd45809e646fca676945d6a8479ae66e
  MLKitNaturalLanguage: 2a0295232578461ec25bf5933e45570c3b651d27
  MLKitObjectDetectionCommon: 6abf300c61cd781ee3abc8abea8a3f8baca886dc
  MLKitPoseDetection: d678a95ca0af6658f3539bf64b499e336fa99249
  MLKitPoseDetectionAccurate: ea4d937dcc4ad5862c1c7157dcfd2141d0545412
  MLKitPoseDetectionCommon: f3465bba3561e2f12cf4e80ce04e8eb0784ab30b
  MLKitTextRecognition: e3216aaf3c8686021a470413c5ed01c3be040250
  MLKitTextRecognitionChinese: 9776289777e264211eda12a7c7dfdb0b0605cf28
  MLKitTextRecognitionCommon: 923315fc744326806d1a1355899be55320182454
  MLKitTextRecognitionDevanagari: 78fbd9c726ce240c8220f0afaac9977d064605f3
  MLKitTextRecognitionJapanese: 3b18e69cbcf8ca17da21609b0de8f2f7feedda2d
  MLKitTextRecognitionKorean: ceebd06e79c539f813a4f6e6f10f078abf196995
  MLKitVision: 26da299aef93291f24f5200e8372919f73abf3b5
  MLKitVisionKit: 226bac429eda1d84285409e31ce9da72606850fb
  MLKitXenoCommon: 34fc24339d4ad1a3b0b0973fae18987f60802984
  nanopb: a0ba3315591a9ae0a16a309ee504766e90db0c96
  PromisesObjC: 68159ce6952d93e17b2dfe273b8c40907db5ba58
  Protobuf: 3724efa50cb2846d7ccebc8691c574e85fd74471
  SSZipArchive: e7b4f3d9e780c2acc1764cd88fbf2de28f26e5b2

PODFILE CHECKSUM: cf5f2eaa01c66562b4c35c0a16ae47166aa9fb2a

COCOAPODS: 1.11.2
